
Microsoft Visual Studio Solution File, Format Version 12.00
# Visual Studio Version 17
VisualStudioVersion = 17.14.36301.6
MinimumVisualStudioVersion = 10.0.40219.1
Project("{FAE04EC0-301F-11D3-BF4B-00C04F79EFBC}") = "SK.HelloWorld.Console", "SK.HelloWorld.Console\SK.HelloWorld.Console.csproj", "{4068D939-9687-4521-9D74-C85D1CB2F0B2}"
EndProject
Project("{FAE04EC0-301F-11D3-BF4B-00C04F79EFBC}") = "SK.BuiltInPlugins.Console", "SK.BuiltInPlugins.Console\SK.BuiltInPlugins.Console.csproj", "{A30421D2-FC64-42B0-BC38-1601362C8FD1}"
EndProject
Project("{FAE04EC0-301F-11D3-BF4B-00C04F79EFBC}") = "SK.CareerAssistant.Console", "SK.CareerAssistant.Console\SK.CareerAssistant.Console.csproj", "{2ACB831A-4C06-4E7A-B88E-AB8A76DC6E57}"
EndProject
Project("{FAE04EC0-301F-11D3-BF4B-00C04F79EFBC}") = "SK.CareerAssistantAdvanced.Console", "SK.CareerAssistantAdvanced.Console\SK.CareerAssistantAdvanced.Console.csproj", "{B1554C03-4434-42B4-8C0B-CB193F1AE32D}"
EndProject
Project("{FAE04EC0-301F-11D3-BF4B-00C04F79EFBC}") = "SK.CareerAssistant.WebApp", "SK.CareerAssistant.WebApp\SK.CareerAssistant.WebApp.csproj", "{1B877C49-DB16-214B-7724-A8CF0FEC40D7}"
EndProject
Global
	GlobalSection(SolutionConfigurationPlatforms) = preSolution
		Debug|Any CPU = Debug|Any CPU
		Release|Any CPU = Release|Any CPU
	EndGlobalSection
	GlobalSection(ProjectConfigurationPlatforms) = postSolution
		{4068D939-9687-4521-9D74-C85D1CB2F0B2}.Debug|Any CPU.ActiveCfg = Debug|Any CPU
		{4068D939-9687-4521-9D74-C85D1CB2F0B2}.Debug|Any CPU.Build.0 = Debug|Any CPU
		{4068D939-9687-4521-9D74-C85D1CB2F0B2}.Release|Any CPU.ActiveCfg = Release|Any CPU
		{4068D939-9687-4521-9D74-C85D1CB2F0B2}.Release|Any CPU.Build.0 = Release|Any CPU
		{A30421D2-FC64-42B0-BC38-1601362C8FD1}.Debug|Any CPU.ActiveCfg = Debug|Any CPU
		{A30421D2-FC64-42B0-BC38-1601362C8FD1}.Debug|Any CPU.Build.0 = Debug|Any CPU
		{A30421D2-FC64-42B0-BC38-1601362C8FD1}.Release|Any CPU.ActiveCfg = Release|Any CPU
		{A30421D2-FC64-42B0-BC38-1601362C8FD1}.Release|Any CPU.Build.0 = Release|Any CPU
		{2ACB831A-4C06-4E7A-B88E-AB8A76DC6E57}.Debug|Any CPU.ActiveCfg = Debug|Any CPU
		{2ACB831A-4C06-4E7A-B88E-AB8A76DC6E57}.Debug|Any CPU.Build.0 = Debug|Any CPU
		{2ACB831A-4C06-4E7A-B88E-AB8A76DC6E57}.Release|Any CPU.ActiveCfg = Release|Any CPU
		{2ACB831A-4C06-4E7A-B88E-AB8A76DC6E57}.Release|Any CPU.Build.0 = Release|Any CPU
		{B1554C03-4434-42B4-8C0B-CB193F1AE32D}.Debug|Any CPU.ActiveCfg = Debug|Any CPU
		{B1554C03-4434-42B4-8C0B-CB193F1AE32D}.Debug|Any CPU.Build.0 = Debug|Any CPU
		{B1554C03-4434-42B4-8C0B-CB193F1AE32D}.Release|Any CPU.ActiveCfg = Release|Any CPU
		{B1554C03-4434-42B4-8C0B-CB193F1AE32D}.Release|Any CPU.Build.0 = Release|Any CPU
		{1B877C49-DB16-214B-7724-A8CF0FEC40D7}.Debug|Any CPU.ActiveCfg = Debug|Any CPU
		{1B877C49-DB16-214B-7724-A8CF0FEC40D7}.Debug|Any CPU.Build.0 = Debug|Any CPU
		{1B877C49-DB16-214B-7724-A8CF0FEC40D7}.Release|Any CPU.ActiveCfg = Release|Any CPU
		{1B877C49-DB16-214B-7724-A8CF0FEC40D7}.Release|Any CPU.Build.0 = Release|Any CPU
	EndGlobalSection
	GlobalSection(SolutionProperties) = preSolution
		HideSolutionNode = FALSE
	EndGlobalSection
	GlobalSection(ExtensibilityGlobals) = postSolution
		SolutionGuid = {382C2EB4-D121-4220-B620-3948FD4BC317}
	EndGlobalSection
EndGlobal
